
Microsoft Visual Studio Solution File, Format Version 12.00
# Visual Studio 15
VisualStudioVersion = 15.0.27004.2005
MinimumVisualStudioVersion = 10.0.40219.1
Project("{888888A0-9F3D-457C-B088-3A5042F75D52}") = "pysamloader", "pysamloader.pyproj", "{0986A3D7-1748-4D5B-8EE2-7BA6A0F2DEA4}"
EndProject
Project("{930C7802-8A8C-48F9-8165-68863BCCD9DD}") = "installer", "installer\installer.wixproj", "{BBE24BDF-66F5-4EBA-BACB-4FA72AE052DB}"
EndProject
Global
	GlobalSection(SolutionConfigurationPlatforms) = preSolution
		Debug|Any CPU = Debug|Any CPU
		Debug|x86 = Debug|x86
		Release|Any CPU = Release|Any CPU
		Release|x86 = Release|x86
	EndGlobalSection
	GlobalSection(ProjectConfigurationPlatforms) = postSolution
		{0986A3D7-1748-4D5B-8EE2-7BA6A0F2DEA4}.Debug|Any CPU.ActiveCfg = Debug|Any CPU
		{0986A3D7-1748-4D5B-8EE2-7BA6A0F2DEA4}.Debug|x86.ActiveCfg = Debug|Any CPU
		{0986A3D7-1748-4D5B-8EE2-7BA6A0F2DEA4}.Release|Any CPU.ActiveCfg = Release|Any CPU
		{0986A3D7-1748-4D5B-8EE2-7BA6A0F2DEA4}.Release|x86.ActiveCfg = Release|Any CPU
		{BBE24BDF-66F5-4EBA-BACB-4FA72AE052DB}.Debug|Any CPU.ActiveCfg = Debug|x86
		{BBE24BDF-66F5-4EBA-BACB-4FA72AE052DB}.Debug|x86.ActiveCfg = Debug|x86
		{BBE24BDF-66F5-4EBA-BACB-4FA72AE052DB}.Debug|x86.Build.0 = Debug|x86
		{BBE24BDF-66F5-4EBA-BACB-4FA72AE052DB}.Release|Any CPU.ActiveCfg = Release|x86
		{BBE24BDF-66F5-4EBA-BACB-4FA72AE052DB}.Release|x86.ActiveCfg = Release|x86
		{BBE24BDF-66F5-4EBA-BACB-4FA72AE052DB}.Release|x86.Build.0 = Release|x86
	EndGlobalSection
	GlobalSection(SolutionProperties) = preSolution
		HideSolutionNode = FALSE
	EndGlobalSection
	GlobalSection(ExtensibilityGlobals) = postSolution
		SolutionGuid = {2FE98C75-B4CE-4839-AFEF-4D5626D5F9C7}
	EndGlobalSection
EndGlobal
