
Microsoft Visual Studio Solution File, Format Version 12.00
# Visual Studio 15
VisualStudioVersion = 15.0.27004.2005
MinimumVisualStudioVersion = 10.0.40219.1
Project("{888888A0-9F3D-457C-B088-3A5042F75D52}") = "pysamloader", "pysamloader.pyproj", "{0986A3D7-1748-4D5B-8EE2-7BA6A0F2DEA4}"
EndProject
Project("{54435603-DBB4-11D2-8724-00A0C9A8B90C}") = "windows-cli", "packaging\windows\windows.vdproj", "{4A505F54-5B6A-4B8B-A30F-AFF5CF39458A}"
EndProject
Project("{888888A0-9F3D-457C-B088-3A5042F75D52}") = "pysamloader-gui", "..\pysamloader-gui\pysamloader-gui.pyproj", "{56F02873-D445-47B4-9857-FBFD78852AC6}"
EndProject
Project("{54435603-DBB4-11D2-8724-00A0C9A8B90C}") = "windows-gui", "..\pysamloader-gui\packaging\windows\windows-gui.vdproj", "{3F259657-69E4-47EC-B384-A3206D06252E}"
EndProject
Global
	GlobalSection(SolutionConfigurationPlatforms) = preSolution
		Debug|Any CPU = Debug|Any CPU
		Debug|x86 = Debug|x86
		Release|Any CPU = Release|Any CPU
		Release|x86 = Release|x86
	EndGlobalSection
	GlobalSection(ProjectConfigurationPlatforms) = postSolution
		{0986A3D7-1748-4D5B-8EE2-7BA6A0F2DEA4}.Debug|Any CPU.ActiveCfg = Debug|Any CPU
		{0986A3D7-1748-4D5B-8EE2-7BA6A0F2DEA4}.Debug|x86.ActiveCfg = Debug|Any CPU
		{0986A3D7-1748-4D5B-8EE2-7BA6A0F2DEA4}.Release|Any CPU.ActiveCfg = Release|Any CPU
		{0986A3D7-1748-4D5B-8EE2-7BA6A0F2DEA4}.Release|x86.ActiveCfg = Release|Any CPU
		{4A505F54-5B6A-4B8B-A30F-AFF5CF39458A}.Debug|Any CPU.ActiveCfg = Debug
		{4A505F54-5B6A-4B8B-A30F-AFF5CF39458A}.Debug|x86.ActiveCfg = Debug
		{4A505F54-5B6A-4B8B-A30F-AFF5CF39458A}.Release|Any CPU.ActiveCfg = Release
		{4A505F54-5B6A-4B8B-A30F-AFF5CF39458A}.Release|x86.ActiveCfg = Release
		{56F02873-D445-47B4-9857-FBFD78852AC6}.Debug|Any CPU.ActiveCfg = Debug|Any CPU
		{56F02873-D445-47B4-9857-FBFD78852AC6}.Debug|x86.ActiveCfg = Debug|Any CPU
		{56F02873-D445-47B4-9857-FBFD78852AC6}.Release|Any CPU.ActiveCfg = Release|Any CPU
		{56F02873-D445-47B4-9857-FBFD78852AC6}.Release|x86.ActiveCfg = Release|Any CPU
		{3F259657-69E4-47EC-B384-A3206D06252E}.Debug|Any CPU.ActiveCfg = Debug
		{3F259657-69E4-47EC-B384-A3206D06252E}.Debug|Any CPU.Build.0 = Debug
		{3F259657-69E4-47EC-B384-A3206D06252E}.Debug|x86.ActiveCfg = Debug
		{3F259657-69E4-47EC-B384-A3206D06252E}.Debug|x86.Build.0 = Debug
		{3F259657-69E4-47EC-B384-A3206D06252E}.Release|Any CPU.ActiveCfg = Release
		{3F259657-69E4-47EC-B384-A3206D06252E}.Release|Any CPU.Build.0 = Release
		{3F259657-69E4-47EC-B384-A3206D06252E}.Release|x86.ActiveCfg = Release
		{3F259657-69E4-47EC-B384-A3206D06252E}.Release|x86.Build.0 = Release
	EndGlobalSection
	GlobalSection(SolutionProperties) = preSolution
		HideSolutionNode = FALSE
	EndGlobalSection
	GlobalSection(ExtensibilityGlobals) = postSolution
		SolutionGuid = {2FE98C75-B4CE-4839-AFEF-4D5626D5F9C7}
	EndGlobalSection
EndGlobal
